// !$*UTF8*$!
{
	archiveVersion = 1;
	classes = {
	};
	objectVersion = 46;
	objects = {

/* Begin PBXBuildFile section */
		2220767D1702F13C00C1FEDD /* UIKit.framework in Frameworks */ = {isa = PBXBuildFile; fileRef = 2220767C1702F13C00C1FEDD /* UIKit.framework */; };
		2220767F1702F13C00C1FEDD /* Foundation.framework in Frameworks */ = {isa = PBXBuildFile; fileRef = 2220767E1702F13C00C1FEDD /* Foundation.framework */; };
		222076811702F13C00C1FEDD /* CoreGraphics.framework in Frameworks */ = {isa = PBXBuildFile; fileRef = 222076801702F13C00C1FEDD /* CoreGraphics.framework */; };
		222076871702F13D00C1FEDD /* InfoPlist.strings in Resources */ = {isa = PBXBuildFile; fileRef = 222076851702F13D00C1FEDD /* InfoPlist.strings */; };
		222076891702F13D00C1FEDD /* main.m in Sources */ = {isa = PBXBuildFile; fileRef = 222076881702F13D00C1FEDD /* main.m */; };
		2220768D1702F13D00C1FEDD /* SHAppDelegate.m in Sources */ = {isa = PBXBuildFile; fileRef = 2220768C1702F13D00C1FEDD /* SHAppDelegate.m */; };
		2220768F1702F13D00C1FEDD /* Default.png in Resources */ = {isa = PBXBuildFile; fileRef = 2220768E1702F13D00C1FEDD /* Default.png */; };
		222076911702F13D00C1FEDD /* Default@2x.png in Resources */ = {isa = PBXBuildFile; fileRef = 222076901702F13D00C1FEDD /* Default@2x.png */; };
		222076931702F13D00C1FEDD /* Default-568h@2x.png in Resources */ = {isa = PBXBuildFile; fileRef = 222076921702F13D00C1FEDD /* Default-568h@2x.png */; };
		222076961702F13D00C1FEDD /* MainStoryboard.storyboard in Resources */ = {isa = PBXBuildFile; fileRef = 222076941702F13D00C1FEDD /* MainStoryboard.storyboard */; };
		222076991702F13D00C1FEDD /* SHViewController.m in Sources */ = {isa = PBXBuildFile; fileRef = 222076981702F13D00C1FEDD /* SHViewController.m */; };
		36C5373DE8C74E5F86895BE9 /* libPods.a in Frameworks */ = {isa = PBXBuildFile; fileRef = FF141EBBC11A4570BA986F04 /* libPods.a */; };
/* End PBXBuildFile section */

/* Begin PBXFileReference section */
		222076791702F13C00C1FEDD /* SHAccountStoreExample.app */ = {isa = PBXFileReference; explicitFileType = wrapper.application; includeInIndex = 0; path = SHAccountStoreExample.app; sourceTree = BUILT_PRODUCTS_DIR; };
		2220767C1702F13C00C1FEDD /* UIKit.framework */ = {isa = PBXFileReference; lastKnownFileType = wrapper.framework; name = UIKit.framework; path = System/Library/Frameworks/UIKit.framework; sourceTree = SDKROOT; };
		2220767E1702F13C00C1FEDD /* Foundation.framework */ = {isa = PBXFileReference; lastKnownFileType = wrapper.framework; name = Foundation.framework; path = System/Library/Frameworks/Foundation.framework; sourceTree = SDKROOT; };
		222076801702F13C00C1FEDD /* CoreGraphics.framework */ = {isa = PBXFileReference; lastKnownFileType = wrapper.framework; name = CoreGraphics.framework; path = System/Library/Frameworks/CoreGraphics.framework; sourceTree = SDKROOT; };
		222076841702F13D00C1FEDD /* SHAccountStoreExample-Info.plist */ = {isa = PBXFileReference; lastKnownFileType = text.plist.xml; path = "SHAccountStoreExample-Info.plist"; sourceTree = "<group>"; };
		222076861702F13D00C1FEDD /* en */ = {isa = PBXFileReference; lastKnownFileType = text.plist.strings; name = en; path = en.lproj/InfoPlist.strings; sourceTree = "<group>"; };
		222076881702F13D00C1FEDD /* main.m */ = {isa = PBXFileReference; lastKnownFileType = sourcecode.c.objc; path = main.m; sourceTree = "<group>"; };
		2220768A1702F13D00C1FEDD /* SHAccountStoreExample-Prefix.pch */ = {isa = PBXFileReference; lastKnownFileType = sourcecode.c.h; path = "SHAccountStoreExample-Prefix.pch"; sourceTree = "<group>"; };
		2220768B1702F13D00C1FEDD /* SHAppDelegate.h */ = {isa = PBXFileReference; lastKnownFileType = sourcecode.c.h; path = SHAppDelegate.h; sourceTree = "<group>"; };
		2220768C1702F13D00C1FEDD /* SHAppDelegate.m */ = {isa = PBXFileReference; lastKnownFileType = sourcecode.c.objc; path = SHAppDelegate.m; sourceTree = "<group>"; };
		2220768E1702F13D00C1FEDD /* Default.png */ = {isa = PBXFileReference; lastKnownFileType = image.png; path = Default.png; sourceTree = "<group>"; };
		222076901702F13D00C1FEDD /* Default@2x.png */ = {isa = PBXFileReference; lastKnownFileType = image.png; path = "Default@2x.png"; sourceTree = "<group>"; };
		222076921702F13D00C1FEDD /* Default-568h@2x.png */ = {isa = PBXFileReference; lastKnownFileType = image.png; path = "Default-568h@2x.png"; sourceTree = "<group>"; };
		222076951702F13D00C1FEDD /* en */ = {isa = PBXFileReference; lastKnownFileType = file.storyboard; name = en; path = en.lproj/MainStoryboard.storyboard; sourceTree = "<group>"; };
		222076971702F13D00C1FEDD /* SHViewController.h */ = {isa = PBXFileReference; lastKnownFileType = sourcecode.c.h; path = SHViewController.h; sourceTree = "<group>"; };
		222076981702F13D00C1FEDD /* SHViewController.m */ = {isa = PBXFileReference; lastKnownFileType = sourcecode.c.objc; path = SHViewController.m; sourceTree = "<group>"; };
		7DD4428512844FE2B486B933 /* Pods.xcconfig */ = {isa = PBXFileReference; includeInIndex = 1; lastKnownFileType = text.xcconfig; name = Pods.xcconfig; path = Pods/Pods.xcconfig; sourceTree = SOURCE_ROOT; };
		FF141EBBC11A4570BA986F04 /* libPods.a */ = {isa = PBXFileReference; explicitFileType = archive.ar; includeInIndex = 0; path = libPods.a; sourceTree = BUILT_PRODUCTS_DIR; };
/* End PBXFileReference section */

/* Begin PBXFrameworksBuildPhase section */
		222076761702F13C00C1FEDD /* Frameworks */ = {
			isa = PBXFrameworksBuildPhase;
			buildActionMask = 2147483647;
			files = (
				2220767D1702F13C00C1FEDD /* UIKit.framework in Frameworks */,
				2220767F1702F13C00C1FEDD /* Foundation.framework in Frameworks */,
				222076811702F13C00C1FEDD /* CoreGraphics.framework in Frameworks */,
				36C5373DE8C74E5F86895BE9 /* libPods.a in Frameworks */,
			);
			runOnlyForDeploymentPostprocessing = 0;
		};
/* End PBXFrameworksBuildPhase section */

/* Begin PBXGroup section */
		222076701702F13C00C1FEDD = {
			isa = PBXGroup;
			children = (
				222076821702F13C00C1FEDD /* SHAccountStoreExample */,
				2220767B1702F13C00C1FEDD /* Frameworks */,
				2220767A1702F13C00C1FEDD /* Products */,
				7DD4428512844FE2B486B933 /* Pods.xcconfig */,
			);
			sourceTree = "<group>";
		};
		2220767A1702F13C00C1FEDD /* Products */ = {
			isa = PBXGroup;
			children = (
				222076791702F13C00C1FEDD /* SHAccountStoreExample.app */,
			);
			name = Products;
			sourceTree = "<group>";
		};
		2220767B1702F13C00C1FEDD /* Frameworks */ = {
			isa = PBXGroup;
			children = (
				2220767C1702F13C00C1FEDD /* UIKit.framework */,
				2220767E1702F13C00C1FEDD /* Foundation.framework */,
				222076801702F13C00C1FEDD /* CoreGraphics.framework */,
				FF141EBBC11A4570BA986F04 /* libPods.a */,
			);
			name = Frameworks;
			sourceTree = "<group>";
		};
		222076821702F13C00C1FEDD /* SHAccountStoreExample */ = {
			isa = PBXGroup;
			children = (
				2220768B1702F13D00C1FEDD /* SHAppDelegate.h */,
				2220768C1702F13D00C1FEDD /* SHAppDelegate.m */,
				222076941702F13D00C1FEDD /* MainStoryboard.storyboard */,
				222076971702F13D00C1FEDD /* SHViewController.h */,
				222076981702F13D00C1FEDD /* SHViewController.m */,
				222076831702F13D00C1FEDD /* Supporting Files */,
			);
			path = SHAccountStoreExample;
			sourceTree = "<group>";
		};
		222076831702F13D00C1FEDD /* Supporting Files */ = {
			isa = PBXGroup;
			children = (
				222076841702F13D00C1FEDD /* SHAccountStoreExample-Info.plist */,
				222076851702F13D00C1FEDD /* InfoPlist.strings */,
				222076881702F13D00C1FEDD /* main.m */,
				2220768A1702F13D00C1FEDD /* SHAccountStoreExample-Prefix.pch */,
				2220768E1702F13D00C1FEDD /* Default.png */,
				222076901702F13D00C1FEDD /* Default@2x.png */,
				222076921702F13D00C1FEDD /* Default-568h@2x.png */,
			);
			name = "Supporting Files";
			sourceTree = "<group>";
		};
/* End PBXGroup section */

/* Begin PBXNativeTarget section */
		222076781702F13C00C1FEDD /* SHAccountStoreExample */ = {
			isa = PBXNativeTarget;
			buildConfigurationList = 2220769C1702F13D00C1FEDD /* Build configuration list for PBXNativeTarget "SHAccountStoreExample" */;
			buildPhases = (
				222076751702F13C00C1FEDD /* Sources */,
				222076761702F13C00C1FEDD /* Frameworks */,
				222076771702F13C00C1FEDD /* Resources */,
				03960FBFF4D34E1AABCC173B /* Copy Pods Resources */,
			);
			buildRules = (
			);
			dependencies = (
			);
			name = SHAccountStoreExample;
			productName = SHAccountStoreExample;
			productReference = 222076791702F13C00C1FEDD /* SHAccountStoreExample.app */;
			productType = "com.apple.product-type.application";
		};
/* End PBXNativeTarget section */

/* Begin PBXProject section */
		222076711702F13C00C1FEDD /* Project object */ = {
			isa = PBXProject;
			attributes = {
				CLASSPREFIX = SH;
				LastUpgradeCheck = 0460;
				ORGANIZATIONNAME = "Seivan Heidari";
			};
			buildConfigurationList = 222076741702F13C00C1FEDD /* Build configuration list for PBXProject "SHAccountStoreExample" */;
			compatibilityVersion = "Xcode 3.2";
			developmentRegion = English;
			hasScannedForEncodings = 0;
			knownRegions = (
				en,
			);
			mainGroup = 222076701702F13C00C1FEDD;
			productRefGroup = 2220767A1702F13C00C1FEDD /* Products */;
			projectDirPath = "";
			projectRoot = "";
			targets = (
				222076781702F13C00C1FEDD /* SHAccountStoreExample */,
			);
		};
/* End PBXProject section */

/* Begin PBXResourcesBuildPhase section */
		222076771702F13C00C1FEDD /* Resources */ = {
			isa = PBXResourcesBuildPhase;
			buildActionMask = 2147483647;
			files = (
				222076871702F13D00C1FEDD /* InfoPlist.strings in Resources */,
				2220768F1702F13D00C1FEDD /* Default.png in Resources */,
				222076911702F13D00C1FEDD /* Default@2x.png in Resources */,
				222076931702F13D00C1FEDD /* Default-568h@2x.png in Resources */,
				222076961702F13D00C1FEDD /* MainStoryboard.storyboard in Resources */,
			);
			runOnlyForDeploymentPostprocessing = 0;
		};
/* End PBXResourcesBuildPhase section */

/* Begin PBXShellScriptBuildPhase section */
		03960FBFF4D34E1AABCC173B /* Copy Pods Resources */ = {
			isa = PBXShellScriptBuildPhase;
			buildActionMask = 2147483647;
			files = (
			);
			inputPaths = (
			);
			name = "Copy Pods Resources";
			outputPaths = (
			);
			runOnlyForDeploymentPostprocessing = 0;
			shellPath = /bin/sh;
			shellScript = "\"${SRCROOT}/Pods/Pods-resources.sh\"\n";
		};
/* End PBXShellScriptBuildPhase section */

/* Begin PBXSourcesBuildPhase section */
		222076751702F13C00C1FEDD /* Sources */ = {
			isa = PBXSourcesBuildPhase;
			buildActionMask = 2147483647;
			files = (
				222076891702F13D00C1FEDD /* main.m in Sources */,
				2220768D1702F13D00C1FEDD /* SHAppDelegate.m in Sources */,
				222076991702F13D00C1FEDD /* SHViewController.m in Sources */,
			);
			runOnlyForDeploymentPostprocessing = 0;
		};
/* End PBXSourcesBuildPhase section */

/* Begin PBXVariantGroup section */
		222076851702F13D00C1FEDD /* InfoPlist.strings */ = {
			isa = PBXVariantGroup;
			children = (
				222076861702F13D00C1FEDD /* en */,
			);
			name = InfoPlist.strings;
			sourceTree = "<group>";
		};
		222076941702F13D00C1FEDD /* MainStoryboard.storyboard */ = {
			isa = PBXVariantGroup;
			children = (
				222076951702F13D00C1FEDD /* en */,
			);
			name = MainStoryboard.storyboard;
			sourceTree = "<group>";
		};
/* End PBXVariantGroup section */

/* Begin XCBuildConfiguration section */
		2220769A1702F13D00C1FEDD /* Debug */ = {
			isa = XCBuildConfiguration;
			buildSettings = {
				ALWAYS_SEARCH_USER_PATHS = NO;
				CLANG_CXX_LANGUAGE_STANDARD = "gnu++0x";
				CLANG_CXX_LIBRARY = "libc++";
				CLANG_ENABLE_OBJC_ARC = YES;
				CLANG_WARN_CONSTANT_CONVERSION = YES;
				CLANG_WARN_EMPTY_BODY = YES;
				CLANG_WARN_ENUM_CONVERSION = YES;
				CLANG_WARN_INT_CONVERSION = YES;
				CLANG_WARN_OBJC_IMPLICIT_RETAIN_SELF = YES;
				CLANG_WARN__DUPLICATE_METHOD_MATCH = YES;
				"CODE_SIGN_IDENTITY[sdk=iphoneos*]" = "iPhone Developer";
				COPY_PHASE_STRIP = NO;
				GCC_C_LANGUAGE_STANDARD = gnu99;
				GCC_DYNAMIC_NO_PIC = NO;
				GCC_OPTIMIZATION_LEVEL = 0;
				GCC_PREPROCESSOR_DEFINITIONS = (
					"DEBUG=1",
					"$(inherited)",
				);
				GCC_SYMBOLS_PRIVATE_EXTERN = NO;
				GCC_WARN_ABOUT_RETURN_TYPE = YES;
				GCC_WARN_UNINITIALIZED_AUTOS = YES;
				GCC_WARN_UNUSED_VARIABLE = YES;
				IPHONEOS_DEPLOYMENT_TARGET = 6.1;
				ONLY_ACTIVE_ARCH = YES;
				SDKROOT = iphoneos;
			};
			name = Debug;
		};
		2220769B1702F13D00C1FEDD /* Release */ = {
			isa = XCBuildConfiguration;
			buildSettings = {
				ALWAYS_SEARCH_USER_PATHS = NO;
				CLANG_CXX_LANGUAGE_STANDARD = "gnu++0x";
				CLANG_CXX_LIBRARY = "libc++";
				CLANG_ENABLE_OBJC_ARC = YES;
				CLANG_WARN_CONSTANT_CONVERSION = YES;
				CLANG_WARN_EMPTY_BODY = YES;
				CLANG_WARN_ENUM_CONVERSION = YES;
				CLANG_WARN_INT_CONVERSION = YES;
				CLANG_WARN_OBJC_IMPLICIT_RETAIN_SELF = YES;
				CLANG_WARN__DUPLICATE_METHOD_MATCH = YES;
				"CODE_SIGN_IDENTITY[sdk=iphoneos*]" = "iPhone Developer";
				COPY_PHASE_STRIP = YES;
				GCC_C_LANGUAGE_STANDARD = gnu99;
				GCC_WARN_ABOUT_RETURN_TYPE = YES;
				GCC_WARN_UNINITIALIZED_AUTOS = YES;
				GCC_WARN_UNUSED_VARIABLE = YES;
				IPHONEOS_DEPLOYMENT_TARGET = 6.1;
				OTHER_CFLAGS = "-DNS_BLOCK_ASSERTIONS=1";
				SDKROOT = iphoneos;
				VALIDATE_PRODUCT = YES;
			};
			name = Release;
		};
		2220769D1702F13D00C1FEDD /* Debug */ = {
			isa = XCBuildConfiguration;
			baseConfigurationReference = 7DD4428512844FE2B486B933 /* Pods.xcconfig */;
			buildSettings = {
				GCC_PRECOMPILE_PREFIX_HEADER = YES;
				GCC_PREFIX_HEADER = "SHAccountStoreExample/SHAccountStoreExample-Prefix.pch";
				INFOPLIST_FILE = "SHAccountStoreExample/SHAccountStoreExample-Info.plist";
				PRODUCT_NAME = "$(TARGET_NAME)";
				WRAPPER_EXTENSION = app;
			};
			name = Debug;
		};
		2220769E1702F13D00C1FEDD /* Release */ = {
			isa = XCBuildConfiguration;
			baseConfigurationReference = 7DD4428512844FE2B486B933 /* Pods.xcconfig */;
			buildSettings = {
				GCC_PRECOMPILE_PREFIX_HEADER = YES;
				GCC_PREFIX_HEADER = "SHAccountStoreExample/SHAccountStoreExample-Prefix.pch";
				INFOPLIST_FILE = "SHAccountStoreExample/SHAccountStoreExample-Info.plist";
				PRODUCT_NAME = "$(TARGET_NAME)";
				WRAPPER_EXTENSION = app;
			};
			name = Release;
		};
/* End XCBuildConfiguration section */

/* Begin XCConfigurationList section */
		222076741702F13C00C1FEDD /* Build configuration list for PBXProject "SHAccountStoreExample" */ = {
			isa = XCConfigurationList;
			buildConfigurations = (
				2220769A1702F13D00C1FEDD /* Debug */,
				2220769B1702F13D00C1FEDD /* Release */,
			);
			defaultConfigurationIsVisible = 0;
			defaultConfigurationName = Release;
		};
		2220769C1702F13D00C1FEDD /* Build configuration list for PBXNativeTarget "SHAccountStoreExample" */ = {
			isa = XCConfigurationList;
			buildConfigurations = (
				2220769D1702F13D00C1FEDD /* Debug */,
				2220769E1702F13D00C1FEDD /* Release */,
			);
			defaultConfigurationIsVisible = 0;
			defaultConfigurationName = Release;
		};
/* End XCConfigurationList section */
	};
	rootObject = 222076711702F13C00C1FEDD /* Project object */;
}
